
Microsoft Visual Studio Solution File, Format Version 12.00
# Visual Studio Version 16
VisualStudioVersion = 16.0.810.0
MinimumVisualStudioVersion = 10.0.40219.1
Project("{FAE04EC0-301F-11D3-BF4B-00C04F79EFBC}") = "RocketGUI", "RocketGUI\RocketGUI.csproj", "{6CB6CC99-531B-4C90-8776-D471FC7337C0}"
EndProject
Project("{FAE04EC0-301F-11D3-BF4B-00C04F79EFBC}") = "TestMod", "TestMod\TestMod.csproj", "{0FB1D242-B8D4-48D5-8016-13BC56427598}"
EndProject
Global
	GlobalSection(SolutionConfigurationPlatforms) = preSolution
		Debug|Any CPU = Debug|Any CPU
		Release|Any CPU = Release|Any CPU
	EndGlobalSection
	GlobalSection(ProjectConfigurationPlatforms) = postSolution
		{6CB6CC99-531B-4C90-8776-D471FC7337C0}.Debug|Any CPU.ActiveCfg = Debug|Any CPU
		{6CB6CC99-531B-4C90-8776-D471FC7337C0}.Debug|Any CPU.Build.0 = Debug|Any CPU
		{6CB6CC99-531B-4C90-8776-D471FC7337C0}.Release|Any CPU.ActiveCfg = Release|Any CPU
		{6CB6CC99-531B-4C90-8776-D471FC7337C0}.Release|Any CPU.Build.0 = Release|Any CPU
		{0FB1D242-B8D4-48D5-8016-13BC56427598}.Debug|Any CPU.ActiveCfg = Debug|Any CPU
		{0FB1D242-B8D4-48D5-8016-13BC56427598}.Debug|Any CPU.Build.0 = Debug|Any CPU
		{0FB1D242-B8D4-48D5-8016-13BC56427598}.Release|Any CPU.ActiveCfg = Release|Any CPU
		{0FB1D242-B8D4-48D5-8016-13BC56427598}.Release|Any CPU.Build.0 = Release|Any CPU
	EndGlobalSection
	GlobalSection(SolutionProperties) = preSolution
		HideSolutionNode = FALSE
	EndGlobalSection
	GlobalSection(ExtensibilityGlobals) = postSolution
		SolutionGuid = {3F343B86-7956-45F8-B773-850A1407BF4C}
	EndGlobalSection
EndGlobal
